{
  "version": 4,
  "terraform_version": "1.7.5",
  "serial": 310,
  "lineage": "6261fc8c-0cbb-d8db-8752-7cce14cf6bd1",
  "outputs": {},
  "resources": [
    {
      "mode": "managed",
      "type": "google_cloud_scheduler_job",
      "name": "whalesay_scheduler",
      "provider": "provider[\"registry.terraform.io/hashicorp/google\"]",
      "instances": [
        {
          "schema_version": 0,
          "attributes": {
            "app_engine_http_target": [],
            "attempt_deadline": "180s",
            "description": "A cada 5 minutos dispara o Cloud Build para executar o whalesay job no GKE",
            "http_target": [
              {
                "body": "e30=",
                "headers": null,
                "http_method": "POST",
                "oauth_token": [
                  {
                    "scope": "https://www.googleapis.com/auth/cloud-platform",
                    "service_account_email": "gribeiro@proven-mind-419419.iam.gserviceaccount.com"
                  }
                ],
                "oidc_token": [],
                "uri": "https://cloudbuild.googleapis.com/v1/projects/proven-mind-419419/locations/global/triggers/projects/proven-mind-419419/triggers/b57b06d3-b210-4886-9b64-e7c25304ac8c:run"
              }
            ],
            "id": "projects/proven-mind-419419/locations/us-central1/jobs/whalesay-scheduler",
            "name": "whalesay-scheduler",
            "project": "proven-mind-419419",
            "pubsub_target": [],
            "region": "us-central1",
            "retry_config": [],
            "schedule": "*/5 * * * *",
            "time_zone": "Etc/UTC",
            "timeouts": null
          },
          "sensitive_attributes": [],
          "private": "eyJlMmJmYjczMC1lY2FhLTExZTYtOGY4OC0zNDM2M2JjN2M0YzAiOnsiY3JlYXRlIjoyNDAwMDAwMDAwMDAsImRlbGV0ZSI6MjQwMDAwMDAwMDAwLCJ1cGRhdGUiOjI0MDAwMDAwMDAwMH19",
          "dependencies": [
            "google_cloudbuild_trigger.whalesay_trigger"
          ]
        }
      ]
    },
    {
      "mode": "managed",
      "type": "google_cloudbuild_trigger",
      "name": "whalesay_trigger",
      "provider": "provider[\"registry.terraform.io/hashicorp/google\"]",
      "instances": [
        {
          "schema_version": 1,
          "attributes": {
            "build": [],
            "create_time": "2024-04-09T11:10:04.158826601Z",
            "description": "Trigger para whalesay job",
            "disabled": false,
            "filename": "cloudbuild.yaml",
            "github": [],
            "id": "projects/proven-mind-419419/triggers/b57b06d3-b210-4886-9b64-e7c25304ac8c",
            "ignored_files": null,
            "included_files": [
              "cloudbuild.yaml"
            ],
            "name": "whalesay-trigger",
            "project": "proven-mind-419419",
            "pubsub_config": [],
            "service_account": "",
            "substitutions": null,
            "tags": null,
            "timeouts": null,
            "trigger_id": "b57b06d3-b210-4886-9b64-e7c25304ac8c",
            "trigger_template": [
              {
                "branch_name": "master",
                "commit_sha": "",
                "dir": "",
                "invert_regex": false,
                "project_id": "proven-mind-419419",
                "repo_name": "Drogon",
                "tag_name": ""
              }
            ],
            "webhook_config": []
          },
          "sensitive_attributes": [],
          "private": "eyJlMmJmYjczMC1lY2FhLTExZTYtOGY4OC0zNDM2M2JjN2M0YzAiOnsiY3JlYXRlIjoyNDAwMDAwMDAwMDAsImRlbGV0ZSI6MjQwMDAwMDAwMDAwLCJ1cGRhdGUiOjI0MDAwMDAwMDAwMH0sInNjaGVtYV92ZXJzaW9uIjoiMSJ9"
        }
      ]
    },
    {
      "mode": "managed",
      "type": "google_compute_address",
      "name": "nat_ip",
      "provider": "provider[\"registry.terraform.io/hashicorp/google\"]",
      "instances": [
        {
          "schema_version": 0,
          "attributes": {
            "address": "35.238.131.111",
            "address_type": "EXTERNAL",
            "creation_timestamp": "2024-04-09T04:10:04.444-07:00",
            "description": "",
            "id": "projects/proven-mind-419419/regions/us-central1/addresses/meu-ip-nat",
            "name": "meu-ip-nat",
            "network": "",
            "network_tier": "PREMIUM",
            "prefix_length": 0,
            "project": "proven-mind-419419",
            "purpose": "",
            "region": "us-central1",
            "self_link": "https://www.googleapis.com/compute/v1/projects/proven-mind-419419/regions/us-central1/addresses/meu-ip-nat",
            "subnetwork": "",
            "timeouts": null,
            "users": []
          },
          "sensitive_attributes": [],
          "private": "eyJlMmJmYjczMC1lY2FhLTExZTYtOGY4OC0zNDM2M2JjN2M0YzAiOnsiY3JlYXRlIjoyNDAwMDAwMDAwMDAsImRlbGV0ZSI6MjQwMDAwMDAwMDAwfX0="
        }
      ]
    },
    {
      "mode": "managed",
      "type": "google_compute_firewall",
      "name": "allow_all",
      "provider": "provider[\"registry.terraform.io/hashicorp/google\"]",
      "instances": [
        {
          "schema_version": 1,
          "attributes": {
            "allow": [
              {
                "ports": [
                  "0-65535"
                ],
                "protocol": "tcp"
              },
              {
                "ports": [
                  "0-65535"
                ],
                "protocol": "udp"
              }
            ],
            "creation_timestamp": "2024-04-09T04:10:18.856-07:00",
            "deny": [],
            "description": "",
            "destination_ranges": [],
            "direction": "INGRESS",
            "disabled": false,
            "enable_logging": null,
            "id": "projects/proven-mind-419419/global/firewalls/allow-all",
            "log_config": [],
            "name": "allow-all",
            "network": "https://www.googleapis.com/compute/v1/projects/proven-mind-419419/global/networks/minha-vpc",
            "priority": 1000,
            "project": "proven-mind-419419",
            "self_link": "https://www.googleapis.com/compute/v1/projects/proven-mind-419419/global/firewalls/allow-all",
            "source_ranges": [
              "0.0.0.0/0"
            ],
            "source_service_accounts": null,
            "source_tags": null,
            "target_service_accounts": null,
            "target_tags": null,
            "timeouts": null
          },
          "sensitive_attributes": [],
          "private": "eyJlMmJmYjczMC1lY2FhLTExZTYtOGY4OC0zNDM2M2JjN2M0YzAiOnsiY3JlYXRlIjoyNDAwMDAwMDAwMDAsImRlbGV0ZSI6MjQwMDAwMDAwMDAwLCJ1cGRhdGUiOjI0MDAwMDAwMDAwMH0sInNjaGVtYV92ZXJzaW9uIjoiMSJ9",
          "dependencies": [
            "google_compute_network.vpc"
          ]
        }
      ]
    },
    {
      "mode": "managed",
      "type": "google_compute_instance",
      "name": "default",
      "provider": "provider[\"registry.terraform.io/hashicorp/google\"]",
      "instances": [
        {
          "schema_version": 6,
          "attributes": {
            "advanced_machine_features": [],
            "allow_stopping_for_update": null,
            "attached_disk": [],
            "boot_disk": [
              {
                "auto_delete": true,
                "device_name": "persistent-disk-0",
                "disk_encryption_key_raw": "",
                "disk_encryption_key_sha256": "",
                "initialize_params": [
                  {
                    "image": "https://www.googleapis.com/compute/v1/projects/proven-mind-419419/global/images/imagevmsentry",
                    "labels": {},
                    "size": 10,
                    "type": "pd-standard"
                  }
                ],
                "kms_key_self_link": "",
                "mode": "READ_WRITE",
                "source": "https://www.googleapis.com/compute/v1/projects/proven-mind-419419/zones/us-central1-a/disks/sentry-vm"
              }
            ],
            "can_ip_forward": false,
            "confidential_instance_config": [],
            "cpu_platform": "Intel Broadwell",
            "current_status": "RUNNING",
            "deletion_protection": false,
            "description": "",
            "desired_status": null,
            "enable_display": false,
            "guest_accelerator": [],
            "hostname": "",
            "id": "projects/proven-mind-419419/zones/us-central1-a/instances/sentry-vm",
            "instance_id": "6817239027527752901",
            "label_fingerprint": "42WmSpB8rSM=",
            "labels": null,
            "machine_type": "e2-standard-4",
            "metadata": {
              "ssh-keys": "ubuntu:ssh-rsa AAAAB3NzaC1yc2EAAAADAQABAAACAQDscHd33L0GDxP3lDojNWgDuc93j+tMIB5zny3C8QVdV6N5ovIfykgWHCtQaO2a5/magglJ2fowDXSH4IeEA5vFHH5v2YgAvnPjT9MdtGWJCwEQSc77gdes51az1J4HPkWs/Fcmrrfb8EB0ub35eYb6rJCaSKvYsKwKILxwFS1pjk7lMdyG8TvxjjnT6WimmEtUl85cM50QGVXBVUvPgHfz4vQoeDbKbFsqppe7d6g98w+E3Y9jzweeUtbbmQDYbRAFy1kv/i0/3wU9/fjPmf28g/Oif6UzvlvlKc17lzDOvstkqHTcRkmi40Ex1NM20FjnmQ9+ClFQUYepNBY2+rZnfaL97AMt0I1r4mFwAy9PPdUcJIQ1r7qVHy/MoH72v0CkusICLLpu/wObjoffXeb7mU3xzypOUQT8GO6oAG0e/rriBqE/kO2AJHr/qB9OfglyZRTixCSnoiXblQYx39TtEiaB11PfIgcblsRGDnE8z65KwS/HmLRqQWRRuqvvwA8uLMoqWue+eCpcJ3XV3M2ROKXBGZIn44OTBdKu0Rtayp2su0aPwHBuRi1yc4yWytWjUwBkdaFiqSJo6eoZV0wtfFhRbtByVZik6sw4+QbPkg1o1JI/IK7jVkROVAbyOJa2dZwbupnP1EoJpIUDLeTGkCisHU3KpqG6XGGrxRe+OQ== root@gribeiro\n"
            },
            "metadata_fingerprint": "47do0tDfXdc=",
            "metadata_startup_script": "",
            "min_cpu_platform": "",
            "name": "sentry-vm",
            "network_interface": [
              {
                "access_config": [
                  {
                    "nat_ip": "34.135.18.230",
                    "network_tier": "PREMIUM",
                    "public_ptr_domain_name": ""
                  }
                ],
                "alias_ip_range": [],
                "ipv6_access_config": [],
                "ipv6_access_type": "",
                "name": "nic0",
                "network": "https://www.googleapis.com/compute/v1/projects/proven-mind-419419/global/networks/minha-vpc",
                "network_ip": "10.0.1.2",
                "nic_type": "",
                "stack_type": "IPV4_ONLY",
                "subnetwork": "https://www.googleapis.com/compute/v1/projects/proven-mind-419419/regions/us-central1/subnetworks/subrede-privada",
                "subnetwork_project": "proven-mind-419419"
              }
            ],
            "project": "proven-mind-419419",
            "reservation_affinity": [],
            "resource_policies": null,
            "scheduling": [
              {
                "automatic_restart": true,
                "min_node_cpus": 0,
                "node_affinities": [],
                "on_host_maintenance": "MIGRATE",
                "preemptible": false
              }
            ],
            "scratch_disk": [],
            "self_link": "https://www.googleapis.com/compute/v1/projects/proven-mind-419419/zones/us-central1-a/instances/sentry-vm",
            "service_account": [],
            "shielded_instance_config": [
              {
                "enable_integrity_monitoring": true,
                "enable_secure_boot": false,
                "enable_vtpm": true
              }
            ],
            "tags": null,
            "tags_fingerprint": "42WmSpB8rSM=",
            "timeouts": null,
            "zone": "us-central1-a"
          },
          "sensitive_attributes": [],
          "private": "eyJlMmJmYjczMC1lY2FhLTExZTYtOGY4OC0zNDM2M2JjN2M0YzAiOnsiY3JlYXRlIjoxMjAwMDAwMDAwMDAwLCJkZWxldGUiOjEyMDAwMDAwMDAwMDAsInVwZGF0ZSI6MTIwMDAwMDAwMDAwMH0sInNjaGVtYV92ZXJzaW9uIjoiNiJ9",
          "dependencies": [
            "google_compute_network.vpc",
            "google_compute_subnetwork.private_subnetwork"
          ]
        }
      ]
    },
    {
      "mode": "managed",
      "type": "google_compute_network",
      "name": "vpc",
      "provider": "provider[\"registry.terraform.io/hashicorp/google\"]",
      "instances": [
        {
          "schema_version": 0,
          "attributes": {
            "auto_create_subnetworks": false,
            "delete_default_routes_on_create": false,
            "description": "",
            "gateway_ipv4": "",
            "id": "projects/proven-mind-419419/global/networks/minha-vpc",
            "mtu": 0,
            "name": "minha-vpc",
            "project": "proven-mind-419419",
            "routing_mode": "REGIONAL",
            "self_link": "https://www.googleapis.com/compute/v1/projects/proven-mind-419419/global/networks/minha-vpc",
            "timeouts": null
          },
          "sensitive_attributes": [],
          "private": "eyJlMmJmYjczMC1lY2FhLTExZTYtOGY4OC0zNDM2M2JjN2M0YzAiOnsiY3JlYXRlIjoyNDAwMDAwMDAwMDAsImRlbGV0ZSI6MjQwMDAwMDAwMDAwLCJ1cGRhdGUiOjI0MDAwMDAwMDAwMH19"
        }
      ]
    },
    {
      "mode": "managed",
      "type": "google_compute_router",
      "name": "router",
      "provider": "provider[\"registry.terraform.io/hashicorp/google\"]",
      "instances": [
        {
          "schema_version": 0,
          "attributes": {
            "bgp": [],
            "creation_timestamp": "2024-04-09T04:10:18.503-07:00",
            "description": "",
            "id": "projects/proven-mind-419419/regions/us-central1/routers/meu-router",
            "name": "meu-router",
            "network": "https://www.googleapis.com/compute/v1/projects/proven-mind-419419/global/networks/minha-vpc",
            "project": "proven-mind-419419",
            "region": "us-central1",
            "self_link": "https://www.googleapis.com/compute/v1/projects/proven-mind-419419/regions/us-central1/routers/meu-router",
            "timeouts": null
          },
          "sensitive_attributes": [],
          "private": "eyJlMmJmYjczMC1lY2FhLTExZTYtOGY4OC0zNDM2M2JjN2M0YzAiOnsiY3JlYXRlIjoyNDAwMDAwMDAwMDAsImRlbGV0ZSI6MjQwMDAwMDAwMDAwLCJ1cGRhdGUiOjI0MDAwMDAwMDAwMH19",
          "dependencies": [
            "google_compute_network.vpc"
          ]
        }
      ]
    },
    {
      "mode": "managed",
      "type": "google_compute_router_nat",
      "name": "nat",
      "provider": "provider[\"registry.terraform.io/hashicorp/google\"]",
      "instances": [
        {
          "schema_version": 0,
          "attributes": {
            "drain_nat_ips": null,
            "enable_endpoint_independent_mapping": true,
            "icmp_idle_timeout_sec": 30,
            "id": "proven-mind-419419/us-central1/meu-router/meu-nat",
            "log_config": [],
            "min_ports_per_vm": 0,
            "name": "meu-nat",
            "nat_ip_allocate_option": "MANUAL_ONLY",
            "nat_ips": [
              "https://www.googleapis.com/compute/v1/projects/proven-mind-419419/regions/us-central1/addresses/meu-ip-nat"
            ],
            "project": "proven-mind-419419",
            "region": "us-central1",
            "router": "meu-router",
            "source_subnetwork_ip_ranges_to_nat": "ALL_SUBNETWORKS_ALL_IP_RANGES",
            "subnetwork": [],
            "tcp_established_idle_timeout_sec": 1200,
            "tcp_transitory_idle_timeout_sec": 30,
            "timeouts": null,
            "udp_idle_timeout_sec": 30
          },
          "sensitive_attributes": [],
          "private": "eyJlMmJmYjczMC1lY2FhLTExZTYtOGY4OC0zNDM2M2JjN2M0YzAiOnsiY3JlYXRlIjo2MDAwMDAwMDAwMDAsImRlbGV0ZSI6NjAwMDAwMDAwMDAwLCJ1cGRhdGUiOjYwMDAwMDAwMDAwMH19",
          "dependencies": [
            "google_compute_address.nat_ip",
            "google_compute_network.vpc",
            "google_compute_router.router"
          ]
        }
      ]
    },
    {
      "mode": "managed",
      "type": "google_compute_subnetwork",
      "name": "private_subnetwork",
      "provider": "provider[\"registry.terraform.io/hashicorp/google\"]",
      "instances": [
        {
          "schema_version": 0,
          "attributes": {
            "creation_timestamp": "2024-04-09T04:10:18.629-07:00",
            "description": "",
            "external_ipv6_prefix": "",
            "fingerprint": null,
            "gateway_address": "10.0.1.1",
            "id": "projects/proven-mind-419419/regions/us-central1/subnetworks/subrede-privada",
            "ip_cidr_range": "10.0.1.0/24",
            "ipv6_access_type": "",
            "ipv6_cidr_range": "",
            "log_config": [],
            "name": "subrede-privada",
            "network": "https://www.googleapis.com/compute/v1/projects/proven-mind-419419/global/networks/minha-vpc",
            "private_ip_google_access": false,
            "private_ipv6_google_access": "DISABLE_GOOGLE_ACCESS",
            "project": "proven-mind-419419",
            "purpose": "PRIVATE",
            "region": "us-central1",
            "role": "",
            "secondary_ip_range": [],
            "self_link": "https://www.googleapis.com/compute/v1/projects/proven-mind-419419/regions/us-central1/subnetworks/subrede-privada",
            "stack_type": "IPV4_ONLY",
            "timeouts": null
          },
          "sensitive_attributes": [],
          "private": "eyJlMmJmYjczMC1lY2FhLTExZTYtOGY4OC0zNDM2M2JjN2M0YzAiOnsiY3JlYXRlIjozNjAwMDAwMDAwMDAsImRlbGV0ZSI6MzYwMDAwMDAwMDAwLCJ1cGRhdGUiOjM2MDAwMDAwMDAwMH19",
          "dependencies": [
            "google_compute_network.vpc"
          ]
        }
      ]
    },
    {
      "mode": "managed",
      "type": "google_container_cluster",
      "name": "primary",
      "provider": "provider[\"registry.terraform.io/hashicorp/google\"]",
      "instances": [
        {
          "schema_version": 1,
          "attributes": {
            "addons_config": [
              {
                "cloudrun_config": [],
                "horizontal_pod_autoscaling": [],
                "http_load_balancing": [],
                "network_policy_config": [
                  {
                    "disabled": true
                  }
                ]
              }
            ],
            "authenticator_groups_config": [],
            "cluster_autoscaling": [
              {
                "auto_provisioning_defaults": [],
                "enabled": false,
                "resource_limits": []
              }
            ],
            "cluster_ipv4_cidr": "10.36.0.0/14",
            "database_encryption": [
              {
                "key_name": "",
                "state": "DECRYPTED"
              }
            ],
            "datapath_provider": "",
            "default_max_pods_per_node": 110,
            "default_snat_status": [
              {
                "disabled": false
              }
            ],
            "description": "",
            "enable_autopilot": false,
            "enable_binary_authorization": false,
            "enable_intranode_visibility": false,
            "enable_kubernetes_alpha": false,
            "enable_legacy_abac": false,
            "enable_shielded_nodes": false,
            "enable_tpu": false,
            "endpoint": "34.170.138.18",
            "id": "projects/proven-mind-419419/locations/us-central1/clusters/meu-cluster-gke",
            "initial_node_count": 1,
            "instance_group_urls": [],
            "ip_allocation_policy": [
              {
                "cluster_ipv4_cidr_block": "10.36.0.0/14",
                "cluster_secondary_range_name": "gke-meu-cluster-gke-pods-eb0c080e",
                "services_ipv4_cidr_block": "10.90.64.0/20",
                "services_secondary_range_name": "gke-meu-cluster-gke-services-eb0c080e"
              }
            ],
            "label_fingerprint": "a9dc16a7",
            "location": "us-central1",
            "logging_config": [
              {
                "enable_components": [
                  "SYSTEM_COMPONENTS",
                  "WORKLOADS"
                ]
              }
            ],
            "logging_service": "logging.googleapis.com/kubernetes",
            "maintenance_policy": [],
            "master_auth": [
              {
                "client_certificate": "",
                "client_certificate_config": [
                  {
                    "issue_client_certificate": false
                  }
                ],
                "client_key": "",
                "cluster_ca_certificate": "LS0tLS1CRUdJTiBDRVJUSUZJQ0FURS0tLS0tCk1JSUVMVENDQXBXZ0F3SUJBZ0lSQU11M05neCtSOFdQb3Y4cjRjSzNoYnd3RFFZSktvWklodmNOQVFFTEJRQXcKTHpFdE1Dc0dBMVVFQXhNa1l6TmhPVFUyT1RFdE1EVTBOaTAwWldVMUxUa3lNbVl0TldJMVl6SmpaVEJoT0dVMQpNQ0FYRFRJME1EUXdPVEV3TVRBd05Wb1lEekl3TlRRd05EQXlNVEV4TURBMVdqQXZNUzB3S3dZRFZRUURFeVJqCk0yRTVOVFk1TVMwd05UUTJMVFJsWlRVdE9USXlaaTAxWWpWak1tTmxNR0U0WlRVd2dnR2lNQTBHQ1NxR1NJYjMKRFFFQkFRVUFBNElCandBd2dnR0tBb0lCZ1FDLzBjU3hqYXNVNDZ1MGJHTHliZzc1MUNOWkJ5YUpCNmEvQ1VLTwozZUhndSs2VE40bER5NzFtaXZmM1ZVRU5Bd1FvMkl3cE1GZUF2TDhadjA5OENQVjNUcVplVXJQZU5xNWswWWJSCnUrNjNZZ1lrZnBhOGZOWG4vRHVTUGZaNmJFdDY3Y0NNajBHTWViNXJHcDd5ZTZPOC82WCt6QSs4RzEwZEh0d00KSks4OG5xVFpSS05kek5CR0ZoUTNLT3NtbnlvL2JsQTBETFI2NHpBNnR0b3JmdXpoTkMwalZENkpIZVNlZGgwZAo5NUE3YitBdE0vaEh1emRCWTBFSjZXRlJudVlOeDA4QktCTmo4aGtYdjFnRitJenJORTdMdGZpbG4xSVZxR01HCmVvYXcwSklUelJvRXc1VzNpdGlCenZHMmVKMHByQmh3RnFrOWd3aGczZDhsaFAvYlZEa3UwTUtta0ZtRmVNNG0KRHRyeGdIaUViWjZxM2szUWNKL04xTjRtdUFDSUVVZzFKbWJPMU5yKzVmOHl4ZTF3V09TaHlmb0h4dkNRbHExdQowTVZVQVVtbEQ0eVhlVXliejRDaS9VTkIwVHJDL0oyN1BwS3pKcVRSNzdmUVgySjdQa2FIL2tnMzdraUlSTGdJCk45R1k0eHpSakpPdU44UTdGbnlMTzZRU3RVa0NBd0VBQWFOQ01FQXdEZ1lEVlIwUEFRSC9CQVFEQWdJRU1BOEcKQTFVZEV3RUIvd1FGTUFNQkFmOHdIUVlEVlIwT0JCWUVGRGN2dWkxMVNFK0wwR295Tk1xUm1qa2NCNVF1TUEwRwpDU3FHU0liM0RRRUJDd1VBQTRJQmdRQkVERmRISk5CdkE0bU0vVjZHS3pwcmI2cWZzRXgxMDc4Y3FEeXg1cWpFCitEc2ZOS3RBT1RJOGwrT0lEVWlpZkprdkNNazFYYW42OFR6ZmZnZlhNRndNZHZUMXpOR3Bya3hKK3ZjbllTR2gKd1NBQ0RFMUtOWnFiRmJQc1c0M2x1czhOMHE4eDhxQTFIS3RqeVFsVWh1bW9HRzdrUlluWWlqc1hsbU9ZRE9Rdgo5anloSWJNak96YjB5ZGVjdGZCNEVXMmZuVGNZVTdDK1NzdVlkYWJGdmhHUXpaVE84MDhJZGk2SFVUd1hFMDhECi9rdkFram11V3BvR1RMbEZpYnNBdzE5RGQ2VWFIZU9jL0wwOGFtazFwWGgzY1hNMnpqVXVoNS9Bb09UZmsyRU8KSEZZSTN2UWs5dnNjME10MDFKS3dhWS9YVk1uS3ZualRFUkd2KzhQVVpoUU0zaDQzRlpaTzVXckMrRGJMTjE5SApTb1ltc2ZuK00xUWl6Z08xYjByMFRyMUw4S1Q4L09raHNKYXBDMStNZ2hidkVPMEU1SmcwS0gzWTI3QWppaDJzClplenh1REdmbU1uUjRqMW1YeGZiSmVReHQ4WmtwMmpUeWZYSUZ6Q3puVVNTNU8zYTRsemlwZzZCZWxaVGRnR08KWGpleTlKUCtobjJmT0RHM0dtbzZ5YjQ9Ci0tLS0tRU5EIENFUlRJRklDQVRFLS0tLS0K",
                "password": "",
                "username": ""
              }
            ],
            "master_authorized_networks_config": [],
            "master_version": "1.27.8-gke.1067004",
            "min_master_version": null,
            "monitoring_config": [
              {
                "enable_components": [
                  "SYSTEM_COMPONENTS"
                ]
              }
            ],
            "monitoring_service": "monitoring.googleapis.com/kubernetes",
            "name": "meu-cluster-gke",
            "network": "projects/proven-mind-419419/global/networks/default",
            "network_policy": [
              {
                "enabled": false,
                "provider": "PROVIDER_UNSPECIFIED"
              }
            ],
            "networking_mode": "VPC_NATIVE",
            "node_config": [],
            "node_locations": [
              "us-central1-a",
              "us-central1-b",
              "us-central1-f"
            ],
            "node_pool": [],
            "node_version": "1.27.8-gke.1067004",
            "operation": null,
            "pod_security_policy_config": [],
            "private_cluster_config": [
              {
                "enable_private_endpoint": false,
                "enable_private_nodes": false,
                "master_global_access_config": [
                  {
                    "enabled": false
                  }
                ],
                "master_ipv4_cidr_block": "",
                "peering_name": "",
                "private_endpoint": "10.128.0.55",
                "public_endpoint": "34.170.138.18"
              }
            ],
            "private_ipv6_google_access": "",
            "project": "proven-mind-419419",
            "release_channel": [
              {
                "channel": "REGULAR"
              }
            ],
            "remove_default_node_pool": true,
            "resource_labels": null,
            "resource_usage_export_config": [],
            "self_link": "https://container.googleapis.com/v1beta1/projects/proven-mind-419419/locations/us-central1/clusters/meu-cluster-gke",
            "services_ipv4_cidr": "10.90.64.0/20",
            "subnetwork": "projects/proven-mind-419419/regions/us-central1/subnetworks/default",
            "timeouts": null,
            "tpu_ipv4_cidr_block": "",
            "vertical_pod_autoscaling": [],
            "workload_identity_config": []
          },
          "sensitive_attributes": [],
          "private": "eyJlMmJmYjczMC1lY2FhLTExZTYtOGY4OC0zNDM2M2JjN2M0YzAiOnsiY3JlYXRlIjoyNDAwMDAwMDAwMDAwLCJkZWxldGUiOjI0MDAwMDAwMDAwMDAsInJlYWQiOjI0MDAwMDAwMDAwMDAsInVwZGF0ZSI6MzYwMDAwMDAwMDAwMH0sInNjaGVtYV92ZXJzaW9uIjoiMSJ9"
        }
      ]
    },
    {
      "mode": "managed",
      "type": "google_container_node_pool",
      "name": "primary_preemptive_nodes",
      "provider": "provider[\"registry.terraform.io/hashicorp/google\"]",
      "instances": [
        {
          "schema_version": 1,
          "attributes": {
            "autoscaling": [],
            "cluster": "meu-cluster-gke",
            "id": "projects/proven-mind-419419/locations/us-central1/clusters/meu-cluster-gke/nodePools/meu-node-pool-preemptivo",
            "initial_node_count": 1,
            "instance_group_urls": [
              "https://www.googleapis.com/compute/v1/projects/proven-mind-419419/zones/us-central1-a/instanceGroupManagers/gke-meu-cluster-gke-meu-node-pool-pre-c7afe1ae-grp",
              "https://www.googleapis.com/compute/v1/projects/proven-mind-419419/zones/us-central1-b/instanceGroupManagers/gke-meu-cluster-gke-meu-node-pool-pre-86fe40e4-grp",
              "https://www.googleapis.com/compute/v1/projects/proven-mind-419419/zones/us-central1-f/instanceGroupManagers/gke-meu-cluster-gke-meu-node-pool-pre-472851fb-grp"
            ],
            "location": "us-central1",
            "management": [
              {
                "auto_repair": true,
                "auto_upgrade": true
              }
            ],
            "max_pods_per_node": 110,
            "name": "meu-node-pool-preemptivo",
            "name_prefix": "",
            "node_config": [
              {
                "disk_size_gb": 100,
                "disk_type": "pd-balanced",
                "guest_accelerator": [],
                "image_type": "COS_CONTAINERD",
                "labels": {},
                "local_ssd_count": 0,
                "machine_type": "e2-medium",
                "metadata": {
                  "disable-legacy-endpoints": "true"
                },
                "min_cpu_platform": "",
                "oauth_scopes": [
                  "https://www.googleapis.com/auth/compute",
                  "https://www.googleapis.com/auth/devstorage.read_only",
                  "https://www.googleapis.com/auth/logging.write",
                  "https://www.googleapis.com/auth/monitoring"
                ],
                "preemptible": true,
                "service_account": "default",
                "shielded_instance_config": [
                  {
                    "enable_integrity_monitoring": true,
                    "enable_secure_boot": false
                  }
                ],
                "tags": null,
                "taint": [],
                "workload_metadata_config": []
              }
            ],
            "node_count": 1,
            "node_locations": [
              "us-central1-a",
              "us-central1-b",
              "us-central1-f"
            ],
            "operation": null,
            "project": "proven-mind-419419",
            "timeouts": null,
            "upgrade_settings": [
              {
                "max_surge": 1,
                "max_unavailable": 0
              }
            ],
            "version": "1.27.8-gke.1067004"
          },
          "sensitive_attributes": [],
          "private": "eyJlMmJmYjczMC1lY2FhLTExZTYtOGY4OC0zNDM2M2JjN2M0YzAiOnsiY3JlYXRlIjoxODAwMDAwMDAwMDAwLCJkZWxldGUiOjE4MDAwMDAwMDAwMDAsInVwZGF0ZSI6MTgwMDAwMDAwMDAwMH0sInNjaGVtYV92ZXJzaW9uIjoiMSJ9",
          "dependencies": [
            "google_container_cluster.primary"
          ]
        }
      ]
    },
    {
      "mode": "managed",
      "type": "google_logging_metric",
      "name": "whalesay_jobs_metric",
      "provider": "provider[\"registry.terraform.io/hashicorp/google\"]",
      "instances": [
        {
          "schema_version": 0,
          "attributes": {
            "bucket_options": [],
            "description": "Conta os jobs do whalesay",
            "filter": "resource.type=\"build\" AND logName=\"projects/proven-mind-419419/logs/cloudbuild\" AND jsonPayload.message:\"Running: kubectl run whalesay-job\"",
            "id": "whalesay-jobs-count",
            "label_extractors": {
              "job_id": "EXTRACT(jsonPayload.message)"
            },
            "metric_descriptor": [
              {
                "display_name": "",
                "labels": [
                  {
                    "description": "O ID do job whalesay",
                    "key": "job_id",
                    "value_type": "STRING"
                  }
                ],
                "metric_kind": "DELTA",
                "unit": "1",
                "value_type": "INT64"
              }
            ],
            "name": "whalesay-jobs-count",
            "project": "proven-mind-419419",
            "timeouts": null,
            "value_extractor": ""
          },
          "sensitive_attributes": [],
          "private": "eyJlMmJmYjczMC1lY2FhLTExZTYtOGY4OC0zNDM2M2JjN2M0YzAiOnsiY3JlYXRlIjoyNDAwMDAwMDAwMDAsImRlbGV0ZSI6MjQwMDAwMDAwMDAwLCJ1cGRhdGUiOjI0MDAwMDAwMDAwMH19"
        }
      ]
    },
    {
      "mode": "managed",
      "type": "google_sql_database_instance",
      "name": "master",
      "provider": "provider[\"registry.terraform.io/hashicorp/google\"]",
      "instances": [
        {
          "schema_version": 0,
          "attributes": {
            "clone": [],
            "connection_name": "proven-mind-419419:us-central1:postgres-master",
            "database_version": "POSTGRES_13",
            "deletion_protection": true,
            "first_ip_address": "34.66.253.216",
            "id": "postgres-master",
            "ip_address": [
              {
                "ip_address": "34.66.253.216",
                "time_to_retire": "",
                "type": "PRIMARY"
              },
              {
                "ip_address": "35.222.235.126",
                "time_to_retire": "",
                "type": "OUTGOING"
              }
            ],
            "master_instance_name": "",
            "name": "postgres-master",
            "private_ip_address": "",
            "project": "proven-mind-419419",
            "public_ip_address": "34.66.253.216",
            "region": "us-central1",
            "replica_configuration": [],
            "restore_backup_context": [],
            "root_password": null,
            "self_link": "https://sqladmin.googleapis.com/sql/v1beta4/projects/proven-mind-419419/instances/postgres-master",
            "server_ca_cert": [
              {
                "cert": "-----BEGIN CERTIFICATE-----\nMIIDfzCCAmegAwIBAgIBADANBgkqhkiG9w0BAQsFADB3MS0wKwYDVQQuEyQ0ZTU5\nZTAyOS00Y2RlLTRiYzQtOTY0Yi1kYWY4ODM0NTQ5YmIxIzAhBgNVBAMTGkdvb2ds\nZSBDbG91ZCBTUUwgU2VydmVyIENBMRQwEgYDVQQKEwtHb29nbGUsIEluYzELMAkG\nA1UEBhMCVVMwHhcNMjQwNDA5MTExMTE0WhcNMzQwNDA3MTExMjE0WjB3MS0wKwYD\nVQQuEyQ0ZTU5ZTAyOS00Y2RlLTRiYzQtOTY0Yi1kYWY4ODM0NTQ5YmIxIzAhBgNV\nBAMTGkdvb2dsZSBDbG91ZCBTUUwgU2VydmVyIENBMRQwEgYDVQQKEwtHb29nbGUs\nIEluYzELMAkGA1UEBhMCVVMwggEiMA0GCSqGSIb3DQEBAQUAA4IBDwAwggEKAoIB\nAQCGrYFE7J3HD1p2zbifRyEnvw2UDCiwqNNEsIIoOm+eP0neKgaq2Vst+aNAipCc\ngd9WfwImHHqJruRkoOTkaSRKB7iFDwhVQrae2JOG8ZqYZRxfpqDWfyxoKiTNhvLE\nQceFrvq8SdLwDX5//AMNkzcTndnzXkdHTn0/2brYGAwmp2cDukqchQO4IijMAR/5\nVjb6JHG6uPyvQxZ6qiMJUKSQQd2fp+WDTvA0QgVkJTiWArOioqEK1vP1wOZUPS6z\n7t+iBtmVy1D73MyG8eFOXT4Q14ibLNEVlTg4EaSf5zDaeOPdablI9hRtzaYwSMzE\nMdBD09cvMTWpmz3YVnY3F7Z9AgMBAAGjFjAUMBIGA1UdEwEB/wQIMAYBAf8CAQAw\nDQYJKoZIhvcNAQELBQADggEBAHKTGqwuYwuxnmXs10LlfLvRl7znUMsbHr4s5D4g\nD3kdjGwFxFDpJYUEti0VOxg63NfTxHf7lFdBs7Sauek8QXZeV61Rku/gog9HcEoj\n6cian7QdeR2xX5/vdsGVFf4MRDJLeXco5NKyH3k9Akq10TAi2IOgK7c+6W3KTlIz\nndxCHIrZ8JzKeSpE8g7IvcP1bnk3MseeOlfAOAQ7F8JGmq8W3q1/uj7W/rvzZSv1\nNXB29l2N+7x6nGBSG1lxPbJefF/MxLTuIvO1MiGrk839O2YlisN/nGtQfaS+4UNC\nty1XM3Xdlu0pYd2f03qpCm2dmcLT2GFwH9N06Q2fTLyAw9o=\n-----END CERTIFICATE-----",
                "common_name": "C=US,O=Google\\, Inc,CN=Google Cloud SQL Server CA,dnQualifier=4e59e029-4cde-4bc4-964b-daf8834549bb",
                "create_time": "2024-04-09T11:11:14.570Z",
                "expiration_time": "2034-04-07T11:12:14.570Z",
                "sha1_fingerprint": "e8aca7f492e4659c23fe5f7559f68ae5b71d4751"
              }
            ],
            "service_account_email_address": "p163584158273-z50qe8@gcp-sa-cloud-sql.iam.gserviceaccount.com",
            "settings": [
              {
                "activation_policy": "ALWAYS",
                "authorized_gae_applications": [],
                "availability_type": "ZONAL",
                "backup_configuration": [
                  {
                    "backup_retention_settings": [
                      {
                        "retained_backups": 7,
                        "retention_unit": "COUNT"
                      }
                    ],
                    "binary_log_enabled": false,
                    "enabled": true,
                    "location": "",
                    "point_in_time_recovery_enabled": false,
                    "start_time": "10:00",
                    "transaction_log_retention_days": 7
                  }
                ],
                "collation": "",
                "crash_safe_replication": false,
                "database_flags": [],
                "disk_autoresize": true,
                "disk_autoresize_limit": 0,
                "disk_size": 10,
                "disk_type": "PD_SSD",
                "insights_config": [],
                "ip_configuration": [
                  {
                    "authorized_networks": [
                      {
                        "expiration_time": "",
                        "name": "",
                        "value": "0.0.0.0/0"
                      }
                    ],
                    "ipv4_enabled": true,
                    "private_network": "",
                    "require_ssl": false
                  }
                ],
                "location_preference": [
                  {
                    "follow_gae_application": "",
                    "zone": "us-central1-a"
                  }
                ],
                "maintenance_window": [],
                "pricing_plan": "PER_USE",
                "replication_type": "SYNCHRONOUS",
                "tier": "db-f1-micro",
                "user_labels": {},
                "version": 1
              }
            ],
            "timeouts": null
          },
          "sensitive_attributes": [],
          "private": "eyJlMmJmYjczMC1lY2FhLTExZTYtOGY4OC0zNDM2M2JjN2M0YzAiOnsiY3JlYXRlIjoxODAwMDAwMDAwMDAwLCJkZWxldGUiOjE4MDAwMDAwMDAwMDAsInVwZGF0ZSI6MTgwMDAwMDAwMDAwMH19"
        }
      ]
    },
    {
      "mode": "managed",
      "type": "google_sql_database_instance",
      "name": "replica",
      "provider": "provider[\"registry.terraform.io/hashicorp/google\"]",
      "instances": [
        {
          "schema_version": 0,
          "attributes": {
            "clone": [],
            "connection_name": "proven-mind-419419:us-central1:postgres-replica",
            "database_version": "POSTGRES_13",
            "deletion_protection": true,
            "first_ip_address": "34.173.172.140",
            "id": "postgres-replica",
            "ip_address": [
              {
                "ip_address": "34.173.172.140",
                "time_to_retire": "",
                "type": "PRIMARY"
              },
              {
                "ip_address": "34.121.50.41",
                "time_to_retire": "",
                "type": "OUTGOING"
              }
            ],
            "master_instance_name": "postgres-master",
            "name": "postgres-replica",
            "private_ip_address": "",
            "project": "proven-mind-419419",
            "public_ip_address": "34.173.172.140",
            "region": "us-central1",
            "replica_configuration": [
              {
                "ca_certificate": "",
                "client_certificate": "",
                "client_key": "",
                "connect_retry_interval": 0,
                "dump_file_path": "",
                "failover_target": false,
                "master_heartbeat_period": 0,
                "password": "",
                "ssl_cipher": "",
                "username": "",
                "verify_server_certificate": false
              }
            ],
            "restore_backup_context": [],
            "root_password": null,
            "self_link": "https://sqladmin.googleapis.com/sql/v1beta4/projects/proven-mind-419419/instances/postgres-replica",
            "server_ca_cert": [
              {
                "cert": "-----BEGIN CERTIFICATE-----\nMIIDfzCCAmegAwIBAgIBADANBgkqhkiG9w0BAQsFADB3MS0wKwYDVQQuEyQ2YzU0\nOTcwOS1lNDZiLTQxOGItYWRjMy1mN2IwMWZkYTcyNmIxIzAhBgNVBAMTGkdvb2ds\nZSBDbG91ZCBTUUwgU2VydmVyIENBMRQwEgYDVQQKEwtHb29nbGUsIEluYzELMAkG\nA1UEBhMCVVMwHhcNMjQwNDA5MTEyMjM0WhcNMzQwNDA3MTEyMzM0WjB3MS0wKwYD\nVQQuEyQ2YzU0OTcwOS1lNDZiLTQxOGItYWRjMy1mN2IwMWZkYTcyNmIxIzAhBgNV\nBAMTGkdvb2dsZSBDbG91ZCBTUUwgU2VydmVyIENBMRQwEgYDVQQKEwtHb29nbGUs\nIEluYzELMAkGA1UEBhMCVVMwggEiMA0GCSqGSIb3DQEBAQUAA4IBDwAwggEKAoIB\nAQCa7vv/LSo20Y+/ladYhsOBUN3w3rf0wntR0Nus2+5ExZ1CX6vzCh+8DsIhFi3n\n15tqf6kWUhKP0XZXwJbYKbS8eBU0mOfysURloz7qHptraEfjYodwLpDH3o8GK0Ig\nLy7R7ItEO4AedLeUU+GkexCg+8dcPEH8ExPItbS/QO6qGwawYs/vJguEApdEev/G\n0ROzkN7uzX7bCrusUPaHisw6dQQPCs/7Ye4NSHcGqB1GjIoHFrAD8zpJgzi3EIA2\nHQ9On7KA/aCMHuvSaeej8cCUFg4HOJs5mI22shtO8L1v+oTAqtD53w9WYV41/nfO\n0wI10TKCQlWmU3VWDvPRlqeBAgMBAAGjFjAUMBIGA1UdEwEB/wQIMAYBAf8CAQAw\nDQYJKoZIhvcNAQELBQADggEBAINu1+JQuDAKvW1RMrD7L7909DQIK2qGi8nm2Yph\nX2Ohio5x4XcJtmStuTB7JLc2rfAcQyYUA8Y3JDUureQHwLYP5zUy84Z86fpX+Dsm\nardfY8GHmY5l84R7ZXCLoriZrSxGZxtNq7CIDzOqn8VsGWU9n1YP+gdEjruVJSKV\n4VPMZWKireS6v+f2XSLIWHKbjhEaO5llZlaFpyVl1aCDBFG8JFM5Z7l8Rv9/0X/m\nrvEQO6pJ3KGwfyMORXWCLRGFp8vuKhRduNJbN+JqGUwhzcl3jYg8SZYmfMa43/E6\nuk91S5ouBGB1dCdFoIqTq58kuQNBLu2hykiW9SRqQVSoWEA=\n-----END CERTIFICATE-----",
                "common_name": "C=US,O=Google\\, Inc,CN=Google Cloud SQL Server CA,dnQualifier=6c549709-e46b-418b-adc3-f7b01fda726b",
                "create_time": "2024-04-09T11:22:34.861Z",
                "expiration_time": "2034-04-07T11:23:34.861Z",
                "sha1_fingerprint": "bae74741240e702757c0b69d4397ad2083cefc56"
              }
            ],
            "service_account_email_address": "p163584158273-713spa@gcp-sa-cloud-sql.iam.gserviceaccount.com",
            "settings": [
              {
                "activation_policy": "ALWAYS",
                "authorized_gae_applications": [],
                "availability_type": "ZONAL",
                "backup_configuration": [
                  {
                    "backup_retention_settings": [
                      {
                        "retained_backups": 7,
                        "retention_unit": "COUNT"
                      }
                    ],
                    "binary_log_enabled": false,
                    "enabled": false,
                    "location": "",
                    "point_in_time_recovery_enabled": false,
                    "start_time": "18:00",
                    "transaction_log_retention_days": 7
                  }
                ],
                "collation": "",
                "crash_safe_replication": true,
                "database_flags": [],
                "disk_autoresize": true,
                "disk_autoresize_limit": 0,
                "disk_size": 10,
                "disk_type": "PD_SSD",
                "insights_config": [],
                "ip_configuration": [
                  {
                    "authorized_networks": [
                      {
                        "expiration_time": "",
                        "name": "",
                        "value": "0.0.0.0/0"
                      }
                    ],
                    "ipv4_enabled": true,
                    "private_network": "",
                    "require_ssl": false
                  }
                ],
                "location_preference": [
                  {
                    "follow_gae_application": "",
                    "zone": "us-central1-a"
                  }
                ],
                "maintenance_window": [],
                "pricing_plan": "PER_USE",
                "replication_type": "SYNCHRONOUS",
                "tier": "db-f1-micro",
                "user_labels": {},
                "version": 1
              }
            ],
            "timeouts": null
          },
          "sensitive_attributes": [],
          "private": "eyJlMmJmYjczMC1lY2FhLTExZTYtOGY4OC0zNDM2M2JjN2M0YzAiOnsiY3JlYXRlIjoxODAwMDAwMDAwMDAwLCJkZWxldGUiOjE4MDAwMDAwMDAwMDAsInVwZGF0ZSI6MTgwMDAwMDAwMDAwMH19",
          "dependencies": [
            "google_sql_database_instance.master"
          ]
        }
      ]
    }
  ],
  "check_results": null
}
